
Microsoft Visual Studio Solution File, Format Version 12.00
# Visual Studio Version 17
VisualStudioVersion = 17.6.33712.159
MinimumVisualStudioVersion = 10.0.40219.1
Project("{FAE04EC0-301F-11D3-BF4B-00C04F79EFBC}") = "decisionWheel", "decisionWheel.csproj", "{B3CC06CD-0AFB-4B15-B69D-590EF358A451}"
EndProject
Global
	GlobalSection(SolutionConfigurationPlatforms) = preSolution
		Debug|Any CPU = Debug|Any CPU
		Release|Any CPU = Release|Any CPU
	EndGlobalSection
	GlobalSection(ProjectConfigurationPlatforms) = postSolution
		{B3CC06CD-0AFB-4B15-B69D-590EF358A451}.Debug|Any CPU.ActiveCfg = Debug|Any CPU
		{B3CC06CD-0AFB-4B15-B69D-590EF358A451}.Debug|Any CPU.Build.0 = Debug|Any CPU
		{B3CC06CD-0AFB-4B15-B69D-590EF358A451}.Release|Any CPU.ActiveCfg = Release|Any CPU
		{B3CC06CD-0AFB-4B15-B69D-590EF358A451}.Release|Any CPU.Build.0 = Release|Any CPU
	EndGlobalSection
	GlobalSection(SolutionProperties) = preSolution
		HideSolutionNode = FALSE
	EndGlobalSection
	GlobalSection(ExtensibilityGlobals) = postSolution
		SolutionGuid = {0F4A8780-7B54-4585-A351-4C82C12588B8}
	EndGlobalSection
EndGlobal
